// !$*UTF8*$!
{
	archiveVersion = 1;
	classes = {
	};
	objectVersion = 50;
	objects = {

/* Begin PBXBuildFile section */
		F4457241257DDB9A00E4A509 /* functions.swift in Sources */ = {isa = PBXBuildFile; fileRef = F4457240257DDB9A00E4A509 /* functions.swift */; };
		F449B62D25876BD70034C7AE /* MakeUpSentanceManager.swift in Sources */ = {isa = PBXBuildFile; fileRef = F449B62C25876BD70034C7AE /* MakeUpSentanceManager.swift */; };
		F45080CC25885718007892E3 /* DataModels.swift in Sources */ = {isa = PBXBuildFile; fileRef = F45080CB25885718007892E3 /* DataModels.swift */; };
		F4831E9A2586EE39008D04C4 /* ComponentWordView.swift in Sources */ = {isa = PBXBuildFile; fileRef = F4831E992586EE39008D04C4 /* ComponentWordView.swift */; };
		F4C5AEA3257CDF48008C2D4A /* AphasiaHelper2_0App.swift in Sources */ = {isa = PBXBuildFile; fileRef = F4C5AEA2257CDF48008C2D4A /* AphasiaHelper2_0App.swift */; };
		F4C5AEA5257CDF48008C2D4A /* ContentView.swift in Sources */ = {isa = PBXBuildFile; fileRef = F4C5AEA4257CDF48008C2D4A /* ContentView.swift */; };
		F4C5AEA7257CDF49008C2D4A /* Assets.xcassets in Resources */ = {isa = PBXBuildFile; fileRef = F4C5AEA6257CDF49008C2D4A /* Assets.xcassets */; };
		F4C5AEAA257CDF49008C2D4A /* Preview Assets.xcassets in Resources */ = {isa = PBXBuildFile; fileRef = F4C5AEA9257CDF49008C2D4A /* Preview Assets.xcassets */; };
		F4C5AEB8257D00BC008C2D4A /* WordBtnView.swift in Sources */ = {isa = PBXBuildFile; fileRef = F4C5AEB7257D00BC008C2D4A /* WordBtnView.swift */; };
		F4C5AEBC257D0D57008C2D4A /* AVFoundation.framework in Frameworks */ = {isa = PBXBuildFile; fileRef = F4C5AEBB257D0D57008C2D4A /* AVFoundation.framework */; };
		F4F7C1E42586308E002D9330 /* CategoryBtnView.swift in Sources */ = {isa = PBXBuildFile; fileRef = F4F7C1E32586308E002D9330 /* CategoryBtnView.swift */; };
		F4F7C1E725863F4E002D9330 /* PhraseBtnView.swift in Sources */ = {isa = PBXBuildFile; fileRef = F4F7C1E625863F4E002D9330 /* PhraseBtnView.swift */; };
/* End PBXBuildFile section */

/* Begin PBXFileReference section */
		F4457240257DDB9A00E4A509 /* functions.swift */ = {isa = PBXFileReference; lastKnownFileType = sourcecode.swift; path = functions.swift; sourceTree = "<group>"; };
		F449B62C25876BD70034C7AE /* MakeUpSentanceManager.swift */ = {isa = PBXFileReference; fileEncoding = 4; lastKnownFileType = sourcecode.swift; path = MakeUpSentanceManager.swift; sourceTree = "<group>"; };
		F45080CB25885718007892E3 /* DataModels.swift */ = {isa = PBXFileReference; lastKnownFileType = sourcecode.swift; path = DataModels.swift; sourceTree = "<group>"; };
		F4831E992586EE39008D04C4 /* ComponentWordView.swift */ = {isa = PBXFileReference; lastKnownFileType = sourcecode.swift; path = ComponentWordView.swift; sourceTree = "<group>"; };
		F4C5AE9F257CDF48008C2D4A /* AphasiaHelper2.0.app */ = {isa = PBXFileReference; explicitFileType = wrapper.application; includeInIndex = 0; path = AphasiaHelper2.0.app; sourceTree = BUILT_PRODUCTS_DIR; };
		F4C5AEA2257CDF48008C2D4A /* AphasiaHelper2_0App.swift */ = {isa = PBXFileReference; lastKnownFileType = sourcecode.swift; path = AphasiaHelper2_0App.swift; sourceTree = "<group>"; };
		F4C5AEA4257CDF48008C2D4A /* ContentView.swift */ = {isa = PBXFileReference; lastKnownFileType = sourcecode.swift; path = ContentView.swift; sourceTree = "<group>"; };
		F4C5AEA6257CDF49008C2D4A /* Assets.xcassets */ = {isa = PBXFileReference; lastKnownFileType = folder.assetcatalog; path = Assets.xcassets; sourceTree = "<group>"; };
		F4C5AEA9257CDF49008C2D4A /* Preview Assets.xcassets */ = {isa = PBXFileReference; lastKnownFileType = folder.assetcatalog; path = "Preview Assets.xcassets"; sourceTree = "<group>"; };
		F4C5AEAB257CDF49008C2D4A /* Info.plist */ = {isa = PBXFileReference; lastKnownFileType = text.plist.xml; path = Info.plist; sourceTree = "<group>"; };
		F4C5AEB7257D00BC008C2D4A /* WordBtnView.swift */ = {isa = PBXFileReference; lastKnownFileType = sourcecode.swift; path = WordBtnView.swift; sourceTree = "<group>"; };
		F4C5AEBB257D0D57008C2D4A /* AVFoundation.framework */ = {isa = PBXFileReference; lastKnownFileType = wrapper.framework; name = AVFoundation.framework; path = System/Library/Frameworks/AVFoundation.framework; sourceTree = SDKROOT; };
		F4F7C1E32586308E002D9330 /* CategoryBtnView.swift */ = {isa = PBXFileReference; lastKnownFileType = sourcecode.swift; path = CategoryBtnView.swift; sourceTree = "<group>"; };
		F4F7C1E625863F4E002D9330 /* PhraseBtnView.swift */ = {isa = PBXFileReference; lastKnownFileType = sourcecode.swift; path = PhraseBtnView.swift; sourceTree = "<group>"; };
/* End PBXFileReference section */

/* Begin PBXFrameworksBuildPhase section */
		F4C5AE9C257CDF48008C2D4A /* Frameworks */ = {
			isa = PBXFrameworksBuildPhase;
			buildActionMask = 2147483647;
			files = (
				F4C5AEBC257D0D57008C2D4A /* AVFoundation.framework in Frameworks */,
			);
			runOnlyForDeploymentPostprocessing = 0;
		};
/* End PBXFrameworksBuildPhase section */

/* Begin PBXGroup section */
		F4C5AE96257CDF48008C2D4A = {
			isa = PBXGroup;
			children = (
				F4C5AEA1257CDF48008C2D4A /* AphasiaHelper2.0 */,
				F4C5AEA0257CDF48008C2D4A /* Products */,
				F4C5AEBA257D0D57008C2D4A /* Frameworks */,
			);
			sourceTree = "<group>";
		};
		F4C5AEA0257CDF48008C2D4A /* Products */ = {
			isa = PBXGroup;
			children = (
				F4C5AE9F257CDF48008C2D4A /* AphasiaHelper2.0.app */,
			);
			name = Products;
			sourceTree = "<group>";
		};
		F4C5AEA1257CDF48008C2D4A /* AphasiaHelper2.0 */ = {
			isa = PBXGroup;
			children = (
				F4C5AEA2257CDF48008C2D4A /* AphasiaHelper2_0App.swift */,
				F4C5AEA4257CDF48008C2D4A /* ContentView.swift */,
				F4C5AEA6257CDF49008C2D4A /* Assets.xcassets */,
				F4C5AEAB257CDF49008C2D4A /* Info.plist */,
				F4C5AEA8257CDF49008C2D4A /* Preview Content */,
				F45080CB25885718007892E3 /* DataModels.swift */,
				F4457240257DDB9A00E4A509 /* functions.swift */,
				F449B62C25876BD70034C7AE /* MakeUpSentanceManager.swift */,
				F4C5AEB7257D00BC008C2D4A /* WordBtnView.swift */,
				F4F7C1E32586308E002D9330 /* CategoryBtnView.swift */,
				F4F7C1E625863F4E002D9330 /* PhraseBtnView.swift */,
				F4831E992586EE39008D04C4 /* ComponentWordView.swift */,
			);
			path = AphasiaHelper2.0;
			sourceTree = "<group>";
		};
		F4C5AEA8257CDF49008C2D4A /* Preview Content */ = {
			isa = PBXGroup;
			children = (
				F4C5AEA9257CDF49008C2D4A /* Preview Assets.xcassets */,
			);
			path = "Preview Content";
			sourceTree = "<group>";
		};
		F4C5AEBA257D0D57008C2D4A /* Frameworks */ = {
			isa = PBXGroup;
			children = (
				F4C5AEBB257D0D57008C2D4A /* AVFoundation.framework */,
			);
			name = Frameworks;
			sourceTree = "<group>";
		};
/* End PBXGroup section */

/* Begin PBXNativeTarget section */
		F4C5AE9E257CDF48008C2D4A /* AphasiaHelper2.0 */ = {
			isa = PBXNativeTarget;
			buildConfigurationList = F4C5AEAE257CDF49008C2D4A /* Build configuration list for PBXNativeTarget "AphasiaHelper2.0" */;
			buildPhases = (
				F4C5AE9B257CDF48008C2D4A /* Sources */,
				F4C5AE9C257CDF48008C2D4A /* Frameworks */,
				F4C5AE9D257CDF48008C2D4A /* Resources */,
			);
			buildRules = (
			);
			dependencies = (
			);
			name = AphasiaHelper2.0;
			productName = AphasiaHelper2.0;
			productReference = F4C5AE9F257CDF48008C2D4A /* AphasiaHelper2.0.app */;
			productType = "com.apple.product-type.application";
		};
/* End PBXNativeTarget section */

/* Begin PBXProject section */
		F4C5AE97257CDF48008C2D4A /* Project object */ = {
			isa = PBXProject;
			attributes = {
				LastSwiftUpdateCheck = 1220;
				LastUpgradeCheck = 1220;
				TargetAttributes = {
					F4C5AE9E257CDF48008C2D4A = {
						CreatedOnToolsVersion = 12.2;
					};
				};
			};
			buildConfigurationList = F4C5AE9A257CDF48008C2D4A /* Build configuration list for PBXProject "AphasiaHelper2.0" */;
			compatibilityVersion = "Xcode 9.3";
			developmentRegion = en;
			hasScannedForEncodings = 0;
			knownRegions = (
				en,
				Base,
			);
			mainGroup = F4C5AE96257CDF48008C2D4A;
			productRefGroup = F4C5AEA0257CDF48008C2D4A /* Products */;
			projectDirPath = "";
			projectRoot = "";
			targets = (
				F4C5AE9E257CDF48008C2D4A /* AphasiaHelper2.0 */,
			);
		};
/* End PBXProject section */

/* Begin PBXResourcesBuildPhase section */
		F4C5AE9D257CDF48008C2D4A /* Resources */ = {
			isa = PBXResourcesBuildPhase;
			buildActionMask = 2147483647;
			files = (
				F4C5AEAA257CDF49008C2D4A /* Preview Assets.xcassets in Resources */,
				F4C5AEA7257CDF49008C2D4A /* Assets.xcassets in Resources */,
			);
			runOnlyForDeploymentPostprocessing = 0;
		};
/* End PBXResourcesBuildPhase section */

/* Begin PBXSourcesBuildPhase section */
		F4C5AE9B257CDF48008C2D4A /* Sources */ = {
			isa = PBXSourcesBuildPhase;
			buildActionMask = 2147483647;
			files = (
				F449B62D25876BD70034C7AE /* MakeUpSentanceManager.swift in Sources */,
				F4F7C1E725863F4E002D9330 /* PhraseBtnView.swift in Sources */,
				F4C5AEA5257CDF48008C2D4A /* ContentView.swift in Sources */,
				F4C5AEB8257D00BC008C2D4A /* WordBtnView.swift in Sources */,
				F4C5AEA3257CDF48008C2D4A /* AphasiaHelper2_0App.swift in Sources */,
				F4831E9A2586EE39008D04C4 /* ComponentWordView.swift in Sources */,
				F4F7C1E42586308E002D9330 /* CategoryBtnView.swift in Sources */,
				F45080CC25885718007892E3 /* DataModels.swift in Sources */,
				F4457241257DDB9A00E4A509 /* functions.swift in Sources */,
			);
			runOnlyForDeploymentPostprocessing = 0;
		};
/* End PBXSourcesBuildPhase section */

/* Begin XCBuildConfiguration section */
		F4C5AEAC257CDF49008C2D4A /* Debug */ = {
			isa = XCBuildConfiguration;
			buildSettings = {
				ALWAYS_SEARCH_USER_PATHS = NO;
				CLANG_ANALYZER_NONNULL = YES;
				CLANG_ANALYZER_NUMBER_OBJECT_CONVERSION = YES_AGGRESSIVE;
				CLANG_CXX_LANGUAGE_STANDARD = "gnu++14";
				CLANG_CXX_LIBRARY = "libc++";
				CLANG_ENABLE_MODULES = YES;
				CLANG_ENABLE_OBJC_ARC = YES;
				CLANG_ENABLE_OBJC_WEAK = YES;
				CLANG_WARN_BLOCK_CAPTURE_AUTORELEASING = YES;
				CLANG_WARN_BOOL_CONVERSION = YES;
				CLANG_WARN_COMMA = YES;
				CLANG_WARN_CONSTANT_CONVERSION = YES;
				CLANG_WARN_DEPRECATED_OBJC_IMPLEMENTATIONS = YES;
				CLANG_WARN_DIRECT_OBJC_ISA_USAGE = YES_ERROR;
				CLANG_WARN_DOCUMENTATION_COMMENTS = YES;
				CLANG_WARN_EMPTY_BODY = YES;
				CLANG_WARN_ENUM_CONVERSION = YES;
				CLANG_WARN_INFINITE_RECURSION = YES;
				CLANG_WARN_INT_CONVERSION = YES;
				CLANG_WARN_NON_LITERAL_NULL_CONVERSION = YES;
				CLANG_WARN_OBJC_IMPLICIT_RETAIN_SELF = YES;
				CLANG_WARN_OBJC_LITERAL_CONVERSION = YES;
				CLANG_WARN_OBJC_ROOT_CLASS = YES_ERROR;
				CLANG_WARN_QUOTED_INCLUDE_IN_FRAMEWORK_HEADER = YES;
				CLANG_WARN_RANGE_LOOP_ANALYSIS = YES;
				CLANG_WARN_STRICT_PROTOTYPES = YES;
				CLANG_WARN_SUSPICIOUS_MOVE = YES;
				CLANG_WARN_UNGUARDED_AVAILABILITY = YES_AGGRESSIVE;
				CLANG_WARN_UNREACHABLE_CODE = YES;
				CLANG_WARN__DUPLICATE_METHOD_MATCH = YES;
				COPY_PHASE_STRIP = NO;
				DEBUG_INFORMATION_FORMAT = dwarf;
				ENABLE_STRICT_OBJC_MSGSEND = YES;
				ENABLE_TESTABILITY = YES;
				GCC_C_LANGUAGE_STANDARD = gnu11;
				GCC_DYNAMIC_NO_PIC = NO;
				GCC_NO_COMMON_BLOCKS = YES;
				GCC_OPTIMIZATION_LEVEL = 0;
				GCC_PREPROCESSOR_DEFINITIONS = (
					"DEBUG=1",
					"$(inherited)",
				);
				GCC_WARN_64_TO_32_BIT_CONVERSION = YES;
				GCC_WARN_ABOUT_RETURN_TYPE = YES_ERROR;
				GCC_WARN_UNDECLARED_SELECTOR = YES;
				GCC_WARN_UNINITIALIZED_AUTOS = YES_AGGRESSIVE;
				GCC_WARN_UNUSED_FUNCTION = YES;
				GCC_WARN_UNUSED_VARIABLE = YES;
				IPHONEOS_DEPLOYMENT_TARGET = 14.2;
				MTL_ENABLE_DEBUG_INFO = INCLUDE_SOURCE;
				MTL_FAST_MATH = YES;
				ONLY_ACTIVE_ARCH = YES;
				SDKROOT = iphoneos;
				SWIFT_ACTIVE_COMPILATION_CONDITIONS = DEBUG;
				SWIFT_OPTIMIZATION_LEVEL = "-Onone";
			};
			name = Debug;
		};
		F4C5AEAD257CDF49008C2D4A /* Release */ = {
			isa = XCBuildConfiguration;
			buildSettings = {
				ALWAYS_SEARCH_USER_PATHS = NO;
				CLANG_ANALYZER_NONNULL = YES;
				CLANG_ANALYZER_NUMBER_OBJECT_CONVERSION = YES_AGGRESSIVE;
				CLANG_CXX_LANGUAGE_STANDARD = "gnu++14";
				CLANG_CXX_LIBRARY = "libc++";
				CLANG_ENABLE_MODULES = YES;
				CLANG_ENABLE_OBJC_ARC = YES;
				CLANG_ENABLE_OBJC_WEAK = YES;
				CLANG_WARN_BLOCK_CAPTURE_AUTORELEASING = YES;
				CLANG_WARN_BOOL_CONVERSION = YES;
				CLANG_WARN_COMMA = YES;
				CLANG_WARN_CONSTANT_CONVERSION = YES;
				CLANG_WARN_DEPRECATED_OBJC_IMPLEMENTATIONS = YES;
				CLANG_WARN_DIRECT_OBJC_ISA_USAGE = YES_ERROR;
				CLANG_WARN_DOCUMENTATION_COMMENTS = YES;
				CLANG_WARN_EMPTY_BODY = YES;
				CLANG_WARN_ENUM_CONVERSION = YES;
				CLANG_WARN_INFINITE_RECURSION = YES;
				CLANG_WARN_INT_CONVERSION = YES;
				CLANG_WARN_NON_LITERAL_NULL_CONVERSION = YES;
				CLANG_WARN_OBJC_IMPLICIT_RETAIN_SELF = YES;
				CLANG_WARN_OBJC_LITERAL_CONVERSION = YES;
				CLANG_WARN_OBJC_ROOT_CLASS = YES_ERROR;
				CLANG_WARN_QUOTED_INCLUDE_IN_FRAMEWORK_HEADER = YES;
				CLANG_WARN_RANGE_LOOP_ANALYSIS = YES;
				CLANG_WARN_STRICT_PROTOTYPES = YES;
				CLANG_WARN_SUSPICIOUS_MOVE = YES;
				CLANG_WARN_UNGUARDED_AVAILABILITY = YES_AGGRESSIVE;
				CLANG_WARN_UNREACHABLE_CODE = YES;
				CLANG_WARN__DUPLICATE_METHOD_MATCH = YES;
				COPY_PHASE_STRIP = NO;
				DEBUG_INFORMATION_FORMAT = "dwarf-with-dsym";
				ENABLE_NS_ASSERTIONS = NO;
				ENABLE_STRICT_OBJC_MSGSEND = YES;
				GCC_C_LANGUAGE_STANDARD = gnu11;
				GCC_NO_COMMON_BLOCKS = YES;
				GCC_WARN_64_TO_32_BIT_CONVERSION = YES;
				GCC_WARN_ABOUT_RETURN_TYPE = YES_ERROR;
				GCC_WARN_UNDECLARED_SELECTOR = YES;
				GCC_WARN_UNINITIALIZED_AUTOS = YES_AGGRESSIVE;
				GCC_WARN_UNUSED_FUNCTION = YES;
				GCC_WARN_UNUSED_VARIABLE = YES;
				IPHONEOS_DEPLOYMENT_TARGET = 14.2;
				MTL_ENABLE_DEBUG_INFO = NO;
				MTL_FAST_MATH = YES;
				SDKROOT = iphoneos;
				SWIFT_COMPILATION_MODE = wholemodule;
				SWIFT_OPTIMIZATION_LEVEL = "-O";
				VALIDATE_PRODUCT = YES;
			};
			name = Release;
		};
		F4C5AEAF257CDF49008C2D4A /* Debug */ = {
			isa = XCBuildConfiguration;
			buildSettings = {
				ASSETCATALOG_COMPILER_APPICON_NAME = AppIcon;
				ASSETCATALOG_COMPILER_GLOBAL_ACCENT_COLOR_NAME = AccentColor;
				CODE_SIGN_STYLE = Automatic;
				DEVELOPMENT_ASSET_PATHS = "\"AphasiaHelper2.0/Preview Content\"";
				DEVELOPMENT_TEAM = 6U2GT7J38W;
				ENABLE_PREVIEWS = YES;
				INFOPLIST_FILE = AphasiaHelper2.0/Info.plist;
				IPHONEOS_DEPLOYMENT_TARGET = 14.0;
				LD_RUNPATH_SEARCH_PATHS = (
					"$(inherited)",
					"@executable_path/Frameworks",
				);
				PRODUCT_BUNDLE_IDENTIFIER = "com.cdi.AphasiaHelper2-0";
				PRODUCT_NAME = "$(TARGET_NAME)";
				SWIFT_VERSION = 5.0;
				TARGETED_DEVICE_FAMILY = 2;
			};
			name = Debug;
		};
		F4C5AEB0257CDF49008C2D4A /* Release */ = {
			isa = XCBuildConfiguration;
			buildSettings = {
				ASSETCATALOG_COMPILER_APPICON_NAME = AppIcon;
				ASSETCATALOG_COMPILER_GLOBAL_ACCENT_COLOR_NAME = AccentColor;
				CODE_SIGN_STYLE = Automatic;
				DEVELOPMENT_ASSET_PATHS = "\"AphasiaHelper2.0/Preview Content\"";
				DEVELOPMENT_TEAM = 6U2GT7J38W;
				ENABLE_PREVIEWS = YES;
				INFOPLIST_FILE = AphasiaHelper2.0/Info.plist;
				IPHONEOS_DEPLOYMENT_TARGET = 14.0;
				LD_RUNPATH_SEARCH_PATHS = (
					"$(inherited)",
					"@executable_path/Frameworks",
				);
				PRODUCT_BUNDLE_IDENTIFIER = "com.cdi.AphasiaHelper2-0";
				PRODUCT_NAME = "$(TARGET_NAME)";
				SWIFT_VERSION = 5.0;
				TARGETED_DEVICE_FAMILY = 2;
			};
			name = Release;
		};
/* End XCBuildConfiguration section */

/* Begin XCConfigurationList section */
		F4C5AE9A257CDF48008C2D4A /* Build configuration list for PBXProject "AphasiaHelper2.0" */ = {
			isa = XCConfigurationList;
			buildConfigurations = (
				F4C5AEAC257CDF49008C2D4A /* Debug */,
				F4C5AEAD257CDF49008C2D4A /* Release */,
			);
			defaultConfigurationIsVisible = 0;
			defaultConfigurationName = Release;
		};
		F4C5AEAE257CDF49008C2D4A /* Build configuration list for PBXNativeTarget "AphasiaHelper2.0" */ = {
			isa = XCConfigurationList;
			buildConfigurations = (
				F4C5AEAF257CDF49008C2D4A /* Debug */,
				F4C5AEB0257CDF49008C2D4A /* Release */,
			);
			defaultConfigurationIsVisible = 0;
			defaultConfigurationName = Release;
		};
/* End XCConfigurationList section */
	};
	rootObject = F4C5AE97257CDF48008C2D4A /* Project object */;
}
